
Microsoft Visual Studio Solution File, Format Version 12.00
# Visual Studio 15
VisualStudioVersion = 15.0.26124.0
MinimumVisualStudioVersion = 15.0.26124.0
Project("{FAE04EC0-301F-11D3-BF4B-00C04F79EFBC}") = "Api", "Api\Api.csproj", "{5E20E2C9-9F20-4E5C-B9C8-FC48748FA3E5}"
EndProject
Project("{FAE04EC0-301F-11D3-BF4B-00C04F79EFBC}") = "Models", "Models\Models.csproj", "{386EB08A-BA90-48D8-B645-87C08DD6035E}"
EndProject
Project("{FAE04EC0-301F-11D3-BF4B-00C04F79EFBC}") = "DataAccess", "DataAccess\DataAccess.csproj", "{F76D65DF-A602-49E4-B850-9BF80A35ACAA}"
EndProject
Project("{FAE04EC0-301F-11D3-BF4B-00C04F79EFBC}") = "Business", "Business\Business.csproj", "{6DB4851B-9C41-4735-AC36-B2D99BD9AFC8}"
EndProject
Global
	GlobalSection(SolutionConfigurationPlatforms) = preSolution
		Debug|Any CPU = Debug|Any CPU
		Debug|x64 = Debug|x64
		Debug|x86 = Debug|x86
		Release|Any CPU = Release|Any CPU
		Release|x64 = Release|x64
		Release|x86 = Release|x86
	EndGlobalSection
	GlobalSection(SolutionProperties) = preSolution
		HideSolutionNode = FALSE
	EndGlobalSection
	GlobalSection(ProjectConfigurationPlatforms) = postSolution
		{5E20E2C9-9F20-4E5C-B9C8-FC48748FA3E5}.Debug|Any CPU.ActiveCfg = Debug|Any CPU
		{5E20E2C9-9F20-4E5C-B9C8-FC48748FA3E5}.Debug|Any CPU.Build.0 = Debug|Any CPU
		{5E20E2C9-9F20-4E5C-B9C8-FC48748FA3E5}.Debug|x64.ActiveCfg = Debug|Any CPU
		{5E20E2C9-9F20-4E5C-B9C8-FC48748FA3E5}.Debug|x64.Build.0 = Debug|Any CPU
		{5E20E2C9-9F20-4E5C-B9C8-FC48748FA3E5}.Debug|x86.ActiveCfg = Debug|Any CPU
		{5E20E2C9-9F20-4E5C-B9C8-FC48748FA3E5}.Debug|x86.Build.0 = Debug|Any CPU
		{5E20E2C9-9F20-4E5C-B9C8-FC48748FA3E5}.Release|Any CPU.ActiveCfg = Release|Any CPU
		{5E20E2C9-9F20-4E5C-B9C8-FC48748FA3E5}.Release|Any CPU.Build.0 = Release|Any CPU
		{5E20E2C9-9F20-4E5C-B9C8-FC48748FA3E5}.Release|x64.ActiveCfg = Release|Any CPU
		{5E20E2C9-9F20-4E5C-B9C8-FC48748FA3E5}.Release|x64.Build.0 = Release|Any CPU
		{5E20E2C9-9F20-4E5C-B9C8-FC48748FA3E5}.Release|x86.ActiveCfg = Release|Any CPU
		{5E20E2C9-9F20-4E5C-B9C8-FC48748FA3E5}.Release|x86.Build.0 = Release|Any CPU
		{386EB08A-BA90-48D8-B645-87C08DD6035E}.Debug|Any CPU.ActiveCfg = Debug|Any CPU
		{386EB08A-BA90-48D8-B645-87C08DD6035E}.Debug|Any CPU.Build.0 = Debug|Any CPU
		{386EB08A-BA90-48D8-B645-87C08DD6035E}.Debug|x64.ActiveCfg = Debug|Any CPU
		{386EB08A-BA90-48D8-B645-87C08DD6035E}.Debug|x64.Build.0 = Debug|Any CPU
		{386EB08A-BA90-48D8-B645-87C08DD6035E}.Debug|x86.ActiveCfg = Debug|Any CPU
		{386EB08A-BA90-48D8-B645-87C08DD6035E}.Debug|x86.Build.0 = Debug|Any CPU
		{386EB08A-BA90-48D8-B645-87C08DD6035E}.Release|Any CPU.ActiveCfg = Release|Any CPU
		{386EB08A-BA90-48D8-B645-87C08DD6035E}.Release|Any CPU.Build.0 = Release|Any CPU
		{386EB08A-BA90-48D8-B645-87C08DD6035E}.Release|x64.ActiveCfg = Release|Any CPU
		{386EB08A-BA90-48D8-B645-87C08DD6035E}.Release|x64.Build.0 = Release|Any CPU
		{386EB08A-BA90-48D8-B645-87C08DD6035E}.Release|x86.ActiveCfg = Release|Any CPU
		{386EB08A-BA90-48D8-B645-87C08DD6035E}.Release|x86.Build.0 = Release|Any CPU
		{F76D65DF-A602-49E4-B850-9BF80A35ACAA}.Debug|Any CPU.ActiveCfg = Debug|Any CPU
		{F76D65DF-A602-49E4-B850-9BF80A35ACAA}.Debug|Any CPU.Build.0 = Debug|Any CPU
		{F76D65DF-A602-49E4-B850-9BF80A35ACAA}.Debug|x64.ActiveCfg = Debug|Any CPU
		{F76D65DF-A602-49E4-B850-9BF80A35ACAA}.Debug|x64.Build.0 = Debug|Any CPU
		{F76D65DF-A602-49E4-B850-9BF80A35ACAA}.Debug|x86.ActiveCfg = Debug|Any CPU
		{F76D65DF-A602-49E4-B850-9BF80A35ACAA}.Debug|x86.Build.0 = Debug|Any CPU
		{F76D65DF-A602-49E4-B850-9BF80A35ACAA}.Release|Any CPU.ActiveCfg = Release|Any CPU
		{F76D65DF-A602-49E4-B850-9BF80A35ACAA}.Release|Any CPU.Build.0 = Release|Any CPU
		{F76D65DF-A602-49E4-B850-9BF80A35ACAA}.Release|x64.ActiveCfg = Release|Any CPU
		{F76D65DF-A602-49E4-B850-9BF80A35ACAA}.Release|x64.Build.0 = Release|Any CPU
		{F76D65DF-A602-49E4-B850-9BF80A35ACAA}.Release|x86.ActiveCfg = Release|Any CPU
		{F76D65DF-A602-49E4-B850-9BF80A35ACAA}.Release|x86.Build.0 = Release|Any CPU
		{6DB4851B-9C41-4735-AC36-B2D99BD9AFC8}.Debug|Any CPU.ActiveCfg = Debug|Any CPU
		{6DB4851B-9C41-4735-AC36-B2D99BD9AFC8}.Debug|Any CPU.Build.0 = Debug|Any CPU
		{6DB4851B-9C41-4735-AC36-B2D99BD9AFC8}.Debug|x64.ActiveCfg = Debug|Any CPU
		{6DB4851B-9C41-4735-AC36-B2D99BD9AFC8}.Debug|x64.Build.0 = Debug|Any CPU
		{6DB4851B-9C41-4735-AC36-B2D99BD9AFC8}.Debug|x86.ActiveCfg = Debug|Any CPU
		{6DB4851B-9C41-4735-AC36-B2D99BD9AFC8}.Debug|x86.Build.0 = Debug|Any CPU
		{6DB4851B-9C41-4735-AC36-B2D99BD9AFC8}.Release|Any CPU.ActiveCfg = Release|Any CPU
		{6DB4851B-9C41-4735-AC36-B2D99BD9AFC8}.Release|Any CPU.Build.0 = Release|Any CPU
		{6DB4851B-9C41-4735-AC36-B2D99BD9AFC8}.Release|x64.ActiveCfg = Release|Any CPU
		{6DB4851B-9C41-4735-AC36-B2D99BD9AFC8}.Release|x64.Build.0 = Release|Any CPU
		{6DB4851B-9C41-4735-AC36-B2D99BD9AFC8}.Release|x86.ActiveCfg = Release|Any CPU
		{6DB4851B-9C41-4735-AC36-B2D99BD9AFC8}.Release|x86.Build.0 = Release|Any CPU
	EndGlobalSection
EndGlobal
